
Microsoft Visual Studio Solution File, Format Version 12.00
# Visual Studio Version 17
VisualStudioVersion = 17.5.33516.290
MinimumVisualStudioVersion = 10.0.40219.1
Project("{FAE04EC0-301F-11D3-BF4B-00C04F79EFBC}") = "Test-1", "Test-1\Test-1.csproj", "{EB5069E3-1AFD-400A-AB3D-15FBC383D359}"
EndProject
Global
	GlobalSection(SolutionConfigurationPlatforms) = preSolution
		Debug|Any CPU = Debug|Any CPU
		Release|Any CPU = Release|Any CPU
	EndGlobalSection
	GlobalSection(ProjectConfigurationPlatforms) = postSolution
		{EB5069E3-1AFD-400A-AB3D-15FBC383D359}.Debug|Any CPU.ActiveCfg = Debug|Any CPU
		{EB5069E3-1AFD-400A-AB3D-15FBC383D359}.Debug|Any CPU.Build.0 = Debug|Any CPU
		{EB5069E3-1AFD-400A-AB3D-15FBC383D359}.Release|Any CPU.ActiveCfg = Release|Any CPU
		{EB5069E3-1AFD-400A-AB3D-15FBC383D359}.Release|Any CPU.Build.0 = Release|Any CPU
	EndGlobalSection
	GlobalSection(SolutionProperties) = preSolution
		HideSolutionNode = FALSE
	EndGlobalSection
	GlobalSection(ExtensibilityGlobals) = postSolution
		SolutionGuid = {5B97D199-95AE-469E-907E-B5DDCC68A421}
	EndGlobalSection
EndGlobal
